
Microsoft Visual Studio Solution File, Format Version 12.00
# Visual Studio Version 17
VisualStudioVersion = 17.12.35527.113 d17.12
MinimumVisualStudioVersion = 10.0.40219.1
Project("{FAE04EC0-301F-11D3-BF4B-00C04F79EFBC}") = "Buoi_4", "Buoi_4\Buoi_4.csproj", "{EEDF96E8-A3D5-4E0D-BEBB-57E66C5968F7}"
EndProject
Global
	GlobalSection(SolutionConfigurationPlatforms) = preSolution
		Debug|Any CPU = Debug|Any CPU
		Release|Any CPU = Release|Any CPU
	EndGlobalSection
	GlobalSection(ProjectConfigurationPlatforms) = postSolution
		{EEDF96E8-A3D5-4E0D-BEBB-57E66C5968F7}.Debug|Any CPU.ActiveCfg = Debug|Any CPU
		{EEDF96E8-A3D5-4E0D-BEBB-57E66C5968F7}.Debug|Any CPU.Build.0 = Debug|Any CPU
		{EEDF96E8-A3D5-4E0D-BEBB-57E66C5968F7}.Release|Any CPU.ActiveCfg = Release|Any CPU
		{EEDF96E8-A3D5-4E0D-BEBB-57E66C5968F7}.Release|Any CPU.Build.0 = Release|Any CPU
	EndGlobalSection
	GlobalSection(SolutionProperties) = preSolution
		HideSolutionNode = FALSE
	EndGlobalSection
EndGlobal
